
Microsoft Visual Studio Solution File, Format Version 12.00
# Visual Studio Version 17
VisualStudioVersion = 17.4.33213.308
MinimumVisualStudioVersion = 10.0.40219.1
Project("{9A19103F-16F7-4668-BE54-9A1E7A4F7556}") = "PlantBook", "PlantBook\PlantBook.csproj", "{850A055F-7F0D-42C9-AFA0-5A651286E309}"
EndProject
Project("{9A19103F-16F7-4668-BE54-9A1E7A4F7556}") = "PlantBook.Tests", "PlantBook.Tests\PlantBook.Tests.csproj", "{54124C81-7F7A-4356-87F8-2F846F54ACF1}"
EndProject
Project("{2150E333-8FDC-42A3-9474-1A3956D46DE8}") = "Solution Items", "Solution Items", "{54C71451-D60E-4A0E-A091-356445E56F93}"
	ProjectSection(SolutionItems) = preProject
		.gitignore = .gitignore
		..\.github\workflows\dotnet.yml = ..\.github\workflows\dotnet.yml
		icons8-potted-plant-48.png = icons8-potted-plant-48.png
		LICENSE = LICENSE
		README.md = README.md
	EndProjectSection
EndProject
Global
	GlobalSection(SolutionConfigurationPlatforms) = preSolution
		Debug|Any CPU = Debug|Any CPU
		Release|Any CPU = Release|Any CPU
	EndGlobalSection
	GlobalSection(ProjectConfigurationPlatforms) = postSolution
		{850A055F-7F0D-42C9-AFA0-5A651286E309}.Debug|Any CPU.ActiveCfg = Debug|Any CPU
		{850A055F-7F0D-42C9-AFA0-5A651286E309}.Debug|Any CPU.Build.0 = Debug|Any CPU
		{850A055F-7F0D-42C9-AFA0-5A651286E309}.Release|Any CPU.ActiveCfg = Release|Any CPU
		{850A055F-7F0D-42C9-AFA0-5A651286E309}.Release|Any CPU.Build.0 = Release|Any CPU
		{54124C81-7F7A-4356-87F8-2F846F54ACF1}.Debug|Any CPU.ActiveCfg = Debug|Any CPU
		{54124C81-7F7A-4356-87F8-2F846F54ACF1}.Debug|Any CPU.Build.0 = Debug|Any CPU
		{54124C81-7F7A-4356-87F8-2F846F54ACF1}.Release|Any CPU.ActiveCfg = Release|Any CPU
		{54124C81-7F7A-4356-87F8-2F846F54ACF1}.Release|Any CPU.Build.0 = Release|Any CPU
	EndGlobalSection
	GlobalSection(SolutionProperties) = preSolution
		HideSolutionNode = FALSE
	EndGlobalSection
	GlobalSection(ExtensibilityGlobals) = postSolution
		SolutionGuid = {205975C5-5490-4CF5-9352-54DA82D8BA84}
	EndGlobalSection
EndGlobal
